
Microsoft Visual Studio Solution File, Format Version 12.00
# Visual Studio Version 17
VisualStudioVersion = 17.8.34330.188
MinimumVisualStudioVersion = 10.0.40219.1
Project("{2150E333-8FDC-42A3-9474-1A3956D46DE8}") = "Services", "Services", "{38A3F995-9B4B-45AF-A12F-7EBC3E0F1BFA}"
EndProject
Project("{2150E333-8FDC-42A3-9474-1A3956D46DE8}") = "Catalog", "Catalog", "{E4802157-F834-490A-A60A-36E3658C0BAE}"
EndProject
Project("{9A19103F-16F7-4668-BE54-9A1E7A4F7556}") = "Catalog.API", "Catalog\Catalog.API\Catalog.API.csproj", "{534DC4D3-C17B-45B9-AFDE-6F3DEA80FBB2}"
EndProject
Project("{9A19103F-16F7-4668-BE54-9A1E7A4F7556}") = "Catalog.Core", "Catalog\Catalog.Core\Catalog.Core.csproj", "{669FB532-439B-402D-9E2C-77119276BAF5}"
EndProject
Project("{9A19103F-16F7-4668-BE54-9A1E7A4F7556}") = "Catalog.Application", "Catalog\Catalog.Application\Catalog.Application.csproj", "{06A66A27-37A5-4E8F-A6CD-899F68B418BF}"
EndProject
Project("{9A19103F-16F7-4668-BE54-9A1E7A4F7556}") = "Catalog.Infrastructure", "Catalog\Catalog.Infrastructure\Catalog.Infrastructure.csproj", "{D26B196E-F86A-4FB0-94B0-BD753D1898B2}"
EndProject
Project("{E53339B2-1760-4266-BCC7-CA923CBCF16C}") = "docker-compose", "docker-compose.dcproj", "{CDDCD024-AF4E-42A3-9916-374A4797AF99}"
EndProject
Project("{2150E333-8FDC-42A3-9474-1A3956D46DE8}") = "Basket", "Basket", "{47DCA6EE-ACC3-4FD7-959B-97108B5F9652}"
EndProject
Project("{FAE04EC0-301F-11D3-BF4B-00C04F79EFBC}") = "Basket.Core", "Basket\Basket.Core\Basket.Core.csproj", "{928CA106-25E6-4804-A678-8DB6996B2CB3}"
EndProject
Project("{FAE04EC0-301F-11D3-BF4B-00C04F79EFBC}") = "Basket.Application", "Basket\Basket.Application\Basket.Application.csproj", "{75CF40DE-B107-4B9D-BC54-8C364E825F43}"
EndProject
Project("{FAE04EC0-301F-11D3-BF4B-00C04F79EFBC}") = "Basket.Infrastructure", "Basket\Basket.Infrastructure\Basket.Infrastructure.csproj", "{9A9514D3-B4BA-4EA9-8977-D78E577EA3D4}"
EndProject
Project("{FAE04EC0-301F-11D3-BF4B-00C04F79EFBC}") = "Basket.API", "Basket\Basket.API\Basket.API.csproj", "{8E4DD01D-2D1E-4359-BDC7-B8D62B6CE6FD}"
EndProject
Project("{2150E333-8FDC-42A3-9474-1A3956D46DE8}") = "Discount", "Discount", "{235A2509-A5C5-4243-AF4F-2E4A6F4F387F}"
EndProject
Project("{FAE04EC0-301F-11D3-BF4B-00C04F79EFBC}") = "Discount.Infrastructure", "Discount\Discount.Infrastructure\Discount.Infrastructure.csproj", "{CEF54AF9-161D-45F9-B27E-E6A602C5C38D}"
EndProject
Project("{FAE04EC0-301F-11D3-BF4B-00C04F79EFBC}") = "Discount.Core", "Discount\Discount.Core\Discount.Core.csproj", "{E38813C8-E4EA-416A-8BF9-D50ED7F62A6A}"
EndProject
Project("{FAE04EC0-301F-11D3-BF4B-00C04F79EFBC}") = "Discount.Application", "Discount\Discount.Application\Discount.Application.csproj", "{FB901069-B7D0-4475-8524-CD283327F608}"
EndProject
Project("{FAE04EC0-301F-11D3-BF4B-00C04F79EFBC}") = "Discount.API", "Discount\Discount.API\Discount.API.csproj", "{BE1114EA-EEEF-4B3B-891B-E8178B8783A1}"
EndProject
Global
	GlobalSection(SolutionConfigurationPlatforms) = preSolution
		Debug|Any CPU = Debug|Any CPU
		Release|Any CPU = Release|Any CPU
	EndGlobalSection
	GlobalSection(ProjectConfigurationPlatforms) = postSolution
		{534DC4D3-C17B-45B9-AFDE-6F3DEA80FBB2}.Debug|Any CPU.ActiveCfg = Debug|Any CPU
		{534DC4D3-C17B-45B9-AFDE-6F3DEA80FBB2}.Debug|Any CPU.Build.0 = Debug|Any CPU
		{534DC4D3-C17B-45B9-AFDE-6F3DEA80FBB2}.Release|Any CPU.ActiveCfg = Release|Any CPU
		{534DC4D3-C17B-45B9-AFDE-6F3DEA80FBB2}.Release|Any CPU.Build.0 = Release|Any CPU
		{669FB532-439B-402D-9E2C-77119276BAF5}.Debug|Any CPU.ActiveCfg = Debug|Any CPU
		{669FB532-439B-402D-9E2C-77119276BAF5}.Debug|Any CPU.Build.0 = Debug|Any CPU
		{669FB532-439B-402D-9E2C-77119276BAF5}.Release|Any CPU.ActiveCfg = Release|Any CPU
		{669FB532-439B-402D-9E2C-77119276BAF5}.Release|Any CPU.Build.0 = Release|Any CPU
		{06A66A27-37A5-4E8F-A6CD-899F68B418BF}.Debug|Any CPU.ActiveCfg = Debug|Any CPU
		{06A66A27-37A5-4E8F-A6CD-899F68B418BF}.Debug|Any CPU.Build.0 = Debug|Any CPU
		{06A66A27-37A5-4E8F-A6CD-899F68B418BF}.Release|Any CPU.ActiveCfg = Release|Any CPU
		{06A66A27-37A5-4E8F-A6CD-899F68B418BF}.Release|Any CPU.Build.0 = Release|Any CPU
		{D26B196E-F86A-4FB0-94B0-BD753D1898B2}.Debug|Any CPU.ActiveCfg = Debug|Any CPU
		{D26B196E-F86A-4FB0-94B0-BD753D1898B2}.Debug|Any CPU.Build.0 = Debug|Any CPU
		{D26B196E-F86A-4FB0-94B0-BD753D1898B2}.Release|Any CPU.ActiveCfg = Release|Any CPU
		{D26B196E-F86A-4FB0-94B0-BD753D1898B2}.Release|Any CPU.Build.0 = Release|Any CPU
		{CDDCD024-AF4E-42A3-9916-374A4797AF99}.Debug|Any CPU.ActiveCfg = Debug|Any CPU
		{CDDCD024-AF4E-42A3-9916-374A4797AF99}.Debug|Any CPU.Build.0 = Debug|Any CPU
		{CDDCD024-AF4E-42A3-9916-374A4797AF99}.Release|Any CPU.ActiveCfg = Release|Any CPU
		{CDDCD024-AF4E-42A3-9916-374A4797AF99}.Release|Any CPU.Build.0 = Release|Any CPU
		{928CA106-25E6-4804-A678-8DB6996B2CB3}.Debug|Any CPU.ActiveCfg = Debug|Any CPU
		{928CA106-25E6-4804-A678-8DB6996B2CB3}.Debug|Any CPU.Build.0 = Debug|Any CPU
		{928CA106-25E6-4804-A678-8DB6996B2CB3}.Release|Any CPU.ActiveCfg = Release|Any CPU
		{928CA106-25E6-4804-A678-8DB6996B2CB3}.Release|Any CPU.Build.0 = Release|Any CPU
		{75CF40DE-B107-4B9D-BC54-8C364E825F43}.Debug|Any CPU.ActiveCfg = Debug|Any CPU
		{75CF40DE-B107-4B9D-BC54-8C364E825F43}.Debug|Any CPU.Build.0 = Debug|Any CPU
		{75CF40DE-B107-4B9D-BC54-8C364E825F43}.Release|Any CPU.ActiveCfg = Release|Any CPU
		{75CF40DE-B107-4B9D-BC54-8C364E825F43}.Release|Any CPU.Build.0 = Release|Any CPU
		{9A9514D3-B4BA-4EA9-8977-D78E577EA3D4}.Debug|Any CPU.ActiveCfg = Debug|Any CPU
		{9A9514D3-B4BA-4EA9-8977-D78E577EA3D4}.Debug|Any CPU.Build.0 = Debug|Any CPU
		{9A9514D3-B4BA-4EA9-8977-D78E577EA3D4}.Release|Any CPU.ActiveCfg = Release|Any CPU
		{9A9514D3-B4BA-4EA9-8977-D78E577EA3D4}.Release|Any CPU.Build.0 = Release|Any CPU
		{8E4DD01D-2D1E-4359-BDC7-B8D62B6CE6FD}.Debug|Any CPU.ActiveCfg = Debug|Any CPU
		{8E4DD01D-2D1E-4359-BDC7-B8D62B6CE6FD}.Debug|Any CPU.Build.0 = Debug|Any CPU
		{8E4DD01D-2D1E-4359-BDC7-B8D62B6CE6FD}.Release|Any CPU.ActiveCfg = Release|Any CPU
		{8E4DD01D-2D1E-4359-BDC7-B8D62B6CE6FD}.Release|Any CPU.Build.0 = Release|Any CPU
		{CEF54AF9-161D-45F9-B27E-E6A602C5C38D}.Debug|Any CPU.ActiveCfg = Debug|Any CPU
		{CEF54AF9-161D-45F9-B27E-E6A602C5C38D}.Debug|Any CPU.Build.0 = Debug|Any CPU
		{CEF54AF9-161D-45F9-B27E-E6A602C5C38D}.Release|Any CPU.ActiveCfg = Release|Any CPU
		{CEF54AF9-161D-45F9-B27E-E6A602C5C38D}.Release|Any CPU.Build.0 = Release|Any CPU
		{E38813C8-E4EA-416A-8BF9-D50ED7F62A6A}.Debug|Any CPU.ActiveCfg = Debug|Any CPU
		{E38813C8-E4EA-416A-8BF9-D50ED7F62A6A}.Debug|Any CPU.Build.0 = Debug|Any CPU
		{E38813C8-E4EA-416A-8BF9-D50ED7F62A6A}.Release|Any CPU.ActiveCfg = Release|Any CPU
		{E38813C8-E4EA-416A-8BF9-D50ED7F62A6A}.Release|Any CPU.Build.0 = Release|Any CPU
		{FB901069-B7D0-4475-8524-CD283327F608}.Debug|Any CPU.ActiveCfg = Debug|Any CPU
		{FB901069-B7D0-4475-8524-CD283327F608}.Debug|Any CPU.Build.0 = Debug|Any CPU
		{FB901069-B7D0-4475-8524-CD283327F608}.Release|Any CPU.ActiveCfg = Release|Any CPU
		{FB901069-B7D0-4475-8524-CD283327F608}.Release|Any CPU.Build.0 = Release|Any CPU
		{BE1114EA-EEEF-4B3B-891B-E8178B8783A1}.Debug|Any CPU.ActiveCfg = Debug|Any CPU
		{BE1114EA-EEEF-4B3B-891B-E8178B8783A1}.Debug|Any CPU.Build.0 = Debug|Any CPU
		{BE1114EA-EEEF-4B3B-891B-E8178B8783A1}.Release|Any CPU.ActiveCfg = Release|Any CPU
		{BE1114EA-EEEF-4B3B-891B-E8178B8783A1}.Release|Any CPU.Build.0 = Release|Any CPU
	EndGlobalSection
	GlobalSection(SolutionProperties) = preSolution
		HideSolutionNode = FALSE
	EndGlobalSection
	GlobalSection(NestedProjects) = preSolution
		{E4802157-F834-490A-A60A-36E3658C0BAE} = {38A3F995-9B4B-45AF-A12F-7EBC3E0F1BFA}
		{534DC4D3-C17B-45B9-AFDE-6F3DEA80FBB2} = {E4802157-F834-490A-A60A-36E3658C0BAE}
		{669FB532-439B-402D-9E2C-77119276BAF5} = {E4802157-F834-490A-A60A-36E3658C0BAE}
		{06A66A27-37A5-4E8F-A6CD-899F68B418BF} = {E4802157-F834-490A-A60A-36E3658C0BAE}
		{D26B196E-F86A-4FB0-94B0-BD753D1898B2} = {E4802157-F834-490A-A60A-36E3658C0BAE}
		{47DCA6EE-ACC3-4FD7-959B-97108B5F9652} = {38A3F995-9B4B-45AF-A12F-7EBC3E0F1BFA}
		{928CA106-25E6-4804-A678-8DB6996B2CB3} = {47DCA6EE-ACC3-4FD7-959B-97108B5F9652}
		{75CF40DE-B107-4B9D-BC54-8C364E825F43} = {47DCA6EE-ACC3-4FD7-959B-97108B5F9652}
		{9A9514D3-B4BA-4EA9-8977-D78E577EA3D4} = {47DCA6EE-ACC3-4FD7-959B-97108B5F9652}
		{8E4DD01D-2D1E-4359-BDC7-B8D62B6CE6FD} = {47DCA6EE-ACC3-4FD7-959B-97108B5F9652}
		{235A2509-A5C5-4243-AF4F-2E4A6F4F387F} = {38A3F995-9B4B-45AF-A12F-7EBC3E0F1BFA}
		{CEF54AF9-161D-45F9-B27E-E6A602C5C38D} = {235A2509-A5C5-4243-AF4F-2E4A6F4F387F}
		{E38813C8-E4EA-416A-8BF9-D50ED7F62A6A} = {235A2509-A5C5-4243-AF4F-2E4A6F4F387F}
		{FB901069-B7D0-4475-8524-CD283327F608} = {235A2509-A5C5-4243-AF4F-2E4A6F4F387F}
		{BE1114EA-EEEF-4B3B-891B-E8178B8783A1} = {235A2509-A5C5-4243-AF4F-2E4A6F4F387F}
	EndGlobalSection
	GlobalSection(ExtensibilityGlobals) = postSolution
		SolutionGuid = {5C37DC46-B5A1-418C-B39A-6533C6623761}
	EndGlobalSection
EndGlobal
